
Microsoft Visual Studio Solution File, Format Version 12.00
# Visual Studio Version 17
VisualStudioVersion = 17.10.35013.160
MinimumVisualStudioVersion = 10.0.40219.1
Project("{FAE04EC0-301F-11D3-BF4B-00C04F79EFBC}") = "PrometheusDemo", "PrometheusDemo\PrometheusDemo.csproj", "{772A3D03-824B-42D3-93A5-CA6C3D853844}"
EndProject
Global
	GlobalSection(SolutionConfigurationPlatforms) = preSolution
		Debug|Any CPU = Debug|Any CPU
		Release|Any CPU = Release|Any CPU
	EndGlobalSection
	GlobalSection(ProjectConfigurationPlatforms) = postSolution
		{772A3D03-824B-42D3-93A5-CA6C3D853844}.Debug|Any CPU.ActiveCfg = Debug|Any CPU
		{772A3D03-824B-42D3-93A5-CA6C3D853844}.Debug|Any CPU.Build.0 = Debug|Any CPU
		{772A3D03-824B-42D3-93A5-CA6C3D853844}.Release|Any CPU.ActiveCfg = Release|Any CPU
		{772A3D03-824B-42D3-93A5-CA6C3D853844}.Release|Any CPU.Build.0 = Release|Any CPU
	EndGlobalSection
	GlobalSection(SolutionProperties) = preSolution
		HideSolutionNode = FALSE
	EndGlobalSection
	GlobalSection(ExtensibilityGlobals) = postSolution
		SolutionGuid = {1636B337-0753-4DD2-803B-7EADA77DB7E4}
	EndGlobalSection
EndGlobal
